
Microsoft Visual Studio Solution File, Format Version 12.00
# Visual Studio Version 17
VisualStudioVersion = 17.5.33530.505
MinimumVisualStudioVersion = 10.0.40219.1
Project("{9A19103F-16F7-4668-BE54-9A1E7A4F7556}") = "Phishy", "Phishy\Phishy.csproj", "{3A592A19-24FE-46E7-9348-E6573E5BAEE3}"
EndProject
Global
	GlobalSection(SolutionConfigurationPlatforms) = preSolution
		Debug|Any CPU = Debug|Any CPU
		Release|Any CPU = Release|Any CPU
	EndGlobalSection
	GlobalSection(ProjectConfigurationPlatforms) = postSolution
		{3A592A19-24FE-46E7-9348-E6573E5BAEE3}.Debug|Any CPU.ActiveCfg = Debug|Any CPU
		{3A592A19-24FE-46E7-9348-E6573E5BAEE3}.Debug|Any CPU.Build.0 = Debug|Any CPU
		{3A592A19-24FE-46E7-9348-E6573E5BAEE3}.Release|Any CPU.ActiveCfg = Release|Any CPU
		{3A592A19-24FE-46E7-9348-E6573E5BAEE3}.Release|Any CPU.Build.0 = Release|Any CPU
	EndGlobalSection
	GlobalSection(SolutionProperties) = preSolution
		HideSolutionNode = FALSE
	EndGlobalSection
	GlobalSection(ExtensibilityGlobals) = postSolution
		SolutionGuid = {CD8D1E4D-98FD-4A2B-91CE-7D84291EB4CE}
	EndGlobalSection
EndGlobal
